// !$*UTF8*$!
{
	archiveVersion = 1;
	classes = {
	};
	objectVersion = 50;
	objects = {

/* Begin PBXBuildFile section */
		23D5AA74242477ED000412C0 /* AppDelegate.swift in Sources */ = {isa = PBXBuildFile; fileRef = 23D5AA73242477ED000412C0 /* AppDelegate.swift */; };
		23D5AA76242477ED000412C0 /* SceneDelegate.swift in Sources */ = {isa = PBXBuildFile; fileRef = 23D5AA75242477ED000412C0 /* SceneDelegate.swift */; };
		23D5AA78242477ED000412C0 /* ContentView.swift in Sources */ = {isa = PBXBuildFile; fileRef = 23D5AA77242477ED000412C0 /* ContentView.swift */; };
		23D5AA7A24247819000412C0 /* Assets.xcassets in Resources */ = {isa = PBXBuildFile; fileRef = 23D5AA7924247819000412C0 /* Assets.xcassets */; };
		23D5AA7D24247819000412C0 /* Preview Assets.xcassets in Resources */ = {isa = PBXBuildFile; fileRef = 23D5AA7C24247819000412C0 /* Preview Assets.xcassets */; };
		23D5AA802424781A000412C0 /* LaunchScreen.storyboard in Resources */ = {isa = PBXBuildFile; fileRef = 23D5AA7E2424781A000412C0 /* LaunchScreen.storyboard */; };
		23D5AA8B2424781A000412C0 /* CreateAndComposeCustomViewTests.swift in Sources */ = {isa = PBXBuildFile; fileRef = 23D5AA8A2424781A000412C0 /* CreateAndComposeCustomViewTests.swift */; };
		23D5AA962424781A000412C0 /* CreateAndComposeCustomViewUITests.swift in Sources */ = {isa = PBXBuildFile; fileRef = 23D5AA952424781A000412C0 /* CreateAndComposeCustomViewUITests.swift */; };
		23D5AAA42424787F000412C0 /* User.swift in Sources */ = {isa = PBXBuildFile; fileRef = 23D5AAA32424787F000412C0 /* User.swift */; };
		23D5AAA6242478F6000412C0 /* ProfileImageView.swift in Sources */ = {isa = PBXBuildFile; fileRef = 23D5AAA5242478F6000412C0 /* ProfileImageView.swift */; };
		23D5AAA824247B1A000412C0 /* AddressView.swift in Sources */ = {isa = PBXBuildFile; fileRef = 23D5AAA724247B1A000412C0 /* AddressView.swift */; };
		23D5AAAA24247BB0000412C0 /* UserDetailsView.swift in Sources */ = {isa = PBXBuildFile; fileRef = 23D5AAA924247BB0000412C0 /* UserDetailsView.swift */; };
		23D5AAAC24247CAB000412C0 /* UserListView.swift in Sources */ = {isa = PBXBuildFile; fileRef = 23D5AAAB24247CAB000412C0 /* UserListView.swift */; };
/* End PBXBuildFile section */

/* Begin PBXContainerItemProxy section */
		23D5AA872424781A000412C0 /* PBXContainerItemProxy */ = {
			isa = PBXContainerItemProxy;
			containerPortal = 23D5AA68242477EC000412C0 /* Project object */;
			proxyType = 1;
			remoteGlobalIDString = 23D5AA6F242477ED000412C0;
			remoteInfo = CreateAndComposeCustomView;
		};
		23D5AA922424781A000412C0 /* PBXContainerItemProxy */ = {
			isa = PBXContainerItemProxy;
			containerPortal = 23D5AA68242477EC000412C0 /* Project object */;
			proxyType = 1;
			remoteGlobalIDString = 23D5AA6F242477ED000412C0;
			remoteInfo = CreateAndComposeCustomView;
		};
/* End PBXContainerItemProxy section */

/* Begin PBXFileReference section */
		23D5AA70242477ED000412C0 /* CreateAndComposeCustomView.app */ = {isa = PBXFileReference; explicitFileType = wrapper.application; includeInIndex = 0; path = CreateAndComposeCustomView.app; sourceTree = BUILT_PRODUCTS_DIR; };
		23D5AA73242477ED000412C0 /* AppDelegate.swift */ = {isa = PBXFileReference; lastKnownFileType = sourcecode.swift; path = AppDelegate.swift; sourceTree = "<group>"; };
		23D5AA75242477ED000412C0 /* SceneDelegate.swift */ = {isa = PBXFileReference; lastKnownFileType = sourcecode.swift; path = SceneDelegate.swift; sourceTree = "<group>"; };
		23D5AA77242477ED000412C0 /* ContentView.swift */ = {isa = PBXFileReference; lastKnownFileType = sourcecode.swift; path = ContentView.swift; sourceTree = "<group>"; };
		23D5AA7924247819000412C0 /* Assets.xcassets */ = {isa = PBXFileReference; lastKnownFileType = folder.assetcatalog; path = Assets.xcassets; sourceTree = "<group>"; };
		23D5AA7C24247819000412C0 /* Preview Assets.xcassets */ = {isa = PBXFileReference; lastKnownFileType = folder.assetcatalog; path = "Preview Assets.xcassets"; sourceTree = "<group>"; };
		23D5AA7F2424781A000412C0 /* Base */ = {isa = PBXFileReference; lastKnownFileType = file.storyboard; name = Base; path = Base.lproj/LaunchScreen.storyboard; sourceTree = "<group>"; };
		23D5AA812424781A000412C0 /* Info.plist */ = {isa = PBXFileReference; lastKnownFileType = text.plist.xml; path = Info.plist; sourceTree = "<group>"; };
		23D5AA862424781A000412C0 /* CreateAndComposeCustomViewTests.xctest */ = {isa = PBXFileReference; explicitFileType = wrapper.cfbundle; includeInIndex = 0; path = CreateAndComposeCustomViewTests.xctest; sourceTree = BUILT_PRODUCTS_DIR; };
		23D5AA8A2424781A000412C0 /* CreateAndComposeCustomViewTests.swift */ = {isa = PBXFileReference; lastKnownFileType = sourcecode.swift; path = CreateAndComposeCustomViewTests.swift; sourceTree = "<group>"; };
		23D5AA8C2424781A000412C0 /* Info.plist */ = {isa = PBXFileReference; lastKnownFileType = text.plist.xml; path = Info.plist; sourceTree = "<group>"; };
		23D5AA912424781A000412C0 /* CreateAndComposeCustomViewUITests.xctest */ = {isa = PBXFileReference; explicitFileType = wrapper.cfbundle; includeInIndex = 0; path = CreateAndComposeCustomViewUITests.xctest; sourceTree = BUILT_PRODUCTS_DIR; };
		23D5AA952424781A000412C0 /* CreateAndComposeCustomViewUITests.swift */ = {isa = PBXFileReference; lastKnownFileType = sourcecode.swift; path = CreateAndComposeCustomViewUITests.swift; sourceTree = "<group>"; };
		23D5AA972424781B000412C0 /* Info.plist */ = {isa = PBXFileReference; lastKnownFileType = text.plist.xml; path = Info.plist; sourceTree = "<group>"; };
		23D5AAA32424787F000412C0 /* User.swift */ = {isa = PBXFileReference; lastKnownFileType = sourcecode.swift; path = User.swift; sourceTree = "<group>"; };
		23D5AAA5242478F6000412C0 /* ProfileImageView.swift */ = {isa = PBXFileReference; lastKnownFileType = sourcecode.swift; path = ProfileImageView.swift; sourceTree = "<group>"; };
		23D5AAA724247B1A000412C0 /* AddressView.swift */ = {isa = PBXFileReference; lastKnownFileType = sourcecode.swift; path = AddressView.swift; sourceTree = "<group>"; };
		23D5AAA924247BB0000412C0 /* UserDetailsView.swift */ = {isa = PBXFileReference; lastKnownFileType = sourcecode.swift; path = UserDetailsView.swift; sourceTree = "<group>"; };
		23D5AAAB24247CAB000412C0 /* UserListView.swift */ = {isa = PBXFileReference; lastKnownFileType = sourcecode.swift; path = UserListView.swift; sourceTree = "<group>"; };
/* End PBXFileReference section */

/* Begin PBXFrameworksBuildPhase section */
		23D5AA6D242477ED000412C0 /* Frameworks */ = {
			isa = PBXFrameworksBuildPhase;
			buildActionMask = 2147483647;
			files = (
			);
			runOnlyForDeploymentPostprocessing = 0;
		};
		23D5AA832424781A000412C0 /* Frameworks */ = {
			isa = PBXFrameworksBuildPhase;
			buildActionMask = 2147483647;
			files = (
			);
			runOnlyForDeploymentPostprocessing = 0;
		};
		23D5AA8E2424781A000412C0 /* Frameworks */ = {
			isa = PBXFrameworksBuildPhase;
			buildActionMask = 2147483647;
			files = (
			);
			runOnlyForDeploymentPostprocessing = 0;
		};
/* End PBXFrameworksBuildPhase section */

/* Begin PBXGroup section */
		23D5AA67242477EC000412C0 = {
			isa = PBXGroup;
			children = (
				23D5AA72242477ED000412C0 /* CreateAndComposeCustomView */,
				23D5AA892424781A000412C0 /* CreateAndComposeCustomViewTests */,
				23D5AA942424781A000412C0 /* CreateAndComposeCustomViewUITests */,
				23D5AA71242477ED000412C0 /* Products */,
			);
			sourceTree = "<group>";
		};
		23D5AA71242477ED000412C0 /* Products */ = {
			isa = PBXGroup;
			children = (
				23D5AA70242477ED000412C0 /* CreateAndComposeCustomView.app */,
				23D5AA862424781A000412C0 /* CreateAndComposeCustomViewTests.xctest */,
				23D5AA912424781A000412C0 /* CreateAndComposeCustomViewUITests.xctest */,
			);
			name = Products;
			sourceTree = "<group>";
		};
		23D5AA72242477ED000412C0 /* CreateAndComposeCustomView */ = {
			isa = PBXGroup;
			children = (
				23D5AA73242477ED000412C0 /* AppDelegate.swift */,
				23D5AA75242477ED000412C0 /* SceneDelegate.swift */,
				23D5AA77242477ED000412C0 /* ContentView.swift */,
				23D5AA7924247819000412C0 /* Assets.xcassets */,
				23D5AA7E2424781A000412C0 /* LaunchScreen.storyboard */,
				23D5AA812424781A000412C0 /* Info.plist */,
				23D5AA7B24247819000412C0 /* Preview Content */,
				23D5AAA32424787F000412C0 /* User.swift */,
				23D5AAA5242478F6000412C0 /* ProfileImageView.swift */,
				23D5AAA724247B1A000412C0 /* AddressView.swift */,
				23D5AAA924247BB0000412C0 /* UserDetailsView.swift */,
				23D5AAAB24247CAB000412C0 /* UserListView.swift */,
			);
			path = CreateAndComposeCustomView;
			sourceTree = "<group>";
		};
		23D5AA7B24247819000412C0 /* Preview Content */ = {
			isa = PBXGroup;
			children = (
				23D5AA7C24247819000412C0 /* Preview Assets.xcassets */,
			);
			path = "Preview Content";
			sourceTree = "<group>";
		};
		23D5AA892424781A000412C0 /* CreateAndComposeCustomViewTests */ = {
			isa = PBXGroup;
			children = (
				23D5AA8A2424781A000412C0 /* CreateAndComposeCustomViewTests.swift */,
				23D5AA8C2424781A000412C0 /* Info.plist */,
			);
			path = CreateAndComposeCustomViewTests;
			sourceTree = "<group>";
		};
		23D5AA942424781A000412C0 /* CreateAndComposeCustomViewUITests */ = {
			isa = PBXGroup;
			children = (
				23D5AA952424781A000412C0 /* CreateAndComposeCustomViewUITests.swift */,
				23D5AA972424781B000412C0 /* Info.plist */,
			);
			path = CreateAndComposeCustomViewUITests;
			sourceTree = "<group>";
		};
/* End PBXGroup section */

/* Begin PBXNativeTarget section */
		23D5AA6F242477ED000412C0 /* CreateAndComposeCustomView */ = {
			isa = PBXNativeTarget;
			buildConfigurationList = 23D5AA9A2424781B000412C0 /* Build configuration list for PBXNativeTarget "CreateAndComposeCustomView" */;
			buildPhases = (
				23D5AA6C242477ED000412C0 /* Sources */,
				23D5AA6D242477ED000412C0 /* Frameworks */,
				23D5AA6E242477ED000412C0 /* Resources */,
			);
			buildRules = (
			);
			dependencies = (
			);
			name = CreateAndComposeCustomView;
			productName = CreateAndComposeCustomView;
			productReference = 23D5AA70242477ED000412C0 /* CreateAndComposeCustomView.app */;
			productType = "com.apple.product-type.application";
		};
		23D5AA852424781A000412C0 /* CreateAndComposeCustomViewTests */ = {
			isa = PBXNativeTarget;
			buildConfigurationList = 23D5AA9D2424781B000412C0 /* Build configuration list for PBXNativeTarget "CreateAndComposeCustomViewTests" */;
			buildPhases = (
				23D5AA822424781A000412C0 /* Sources */,
				23D5AA832424781A000412C0 /* Frameworks */,
				23D5AA842424781A000412C0 /* Resources */,
			);
			buildRules = (
			);
			dependencies = (
				23D5AA882424781A000412C0 /* PBXTargetDependency */,
			);
			name = CreateAndComposeCustomViewTests;
			productName = CreateAndComposeCustomViewTests;
			productReference = 23D5AA862424781A000412C0 /* CreateAndComposeCustomViewTests.xctest */;
			productType = "com.apple.product-type.bundle.unit-test";
		};
		23D5AA902424781A000412C0 /* CreateAndComposeCustomViewUITests */ = {
			isa = PBXNativeTarget;
			buildConfigurationList = 23D5AAA02424781B000412C0 /* Build configuration list for PBXNativeTarget "CreateAndComposeCustomViewUITests" */;
			buildPhases = (
				23D5AA8D2424781A000412C0 /* Sources */,
				23D5AA8E2424781A000412C0 /* Frameworks */,
				23D5AA8F2424781A000412C0 /* Resources */,
			);
			buildRules = (
			);
			dependencies = (
				23D5AA932424781A000412C0 /* PBXTargetDependency */,
			);
			name = CreateAndComposeCustomViewUITests;
			productName = CreateAndComposeCustomViewUITests;
			productReference = 23D5AA912424781A000412C0 /* CreateAndComposeCustomViewUITests.xctest */;
			productType = "com.apple.product-type.bundle.ui-testing";
		};
/* End PBXNativeTarget section */

/* Begin PBXProject section */
		23D5AA68242477EC000412C0 /* Project object */ = {
			isa = PBXProject;
			attributes = {
				LastSwiftUpdateCheck = 1100;
				LastUpgradeCheck = 1100;
				ORGANIZATIONNAME = "Naw Su Su Nyein";
				TargetAttributes = {
					23D5AA6F242477ED000412C0 = {
						CreatedOnToolsVersion = 11.0;
					};
					23D5AA852424781A000412C0 = {
						CreatedOnToolsVersion = 11.0;
						TestTargetID = 23D5AA6F242477ED000412C0;
					};
					23D5AA902424781A000412C0 = {
						CreatedOnToolsVersion = 11.0;
						TestTargetID = 23D5AA6F242477ED000412C0;
					};
				};
			};
			buildConfigurationList = 23D5AA6B242477EC000412C0 /* Build configuration list for PBXProject "CreateAndComposeCustomView" */;
			compatibilityVersion = "Xcode 9.3";
			developmentRegion = en;
			hasScannedForEncodings = 0;
			knownRegions = (
				en,
				Base,
			);
			mainGroup = 23D5AA67242477EC000412C0;
			productRefGroup = 23D5AA71242477ED000412C0 /* Products */;
			projectDirPath = "";
			projectRoot = "";
			targets = (
				23D5AA6F242477ED000412C0 /* CreateAndComposeCustomView */,
				23D5AA852424781A000412C0 /* CreateAndComposeCustomViewTests */,
				23D5AA902424781A000412C0 /* CreateAndComposeCustomViewUITests */,
			);
		};
/* End PBXProject section */

/* Begin PBXResourcesBuildPhase section */
		23D5AA6E242477ED000412C0 /* Resources */ = {
			isa = PBXResourcesBuildPhase;
			buildActionMask = 2147483647;
			files = (
				23D5AA802424781A000412C0 /* LaunchScreen.storyboard in Resources */,
				23D5AA7D24247819000412C0 /* Preview Assets.xcassets in Resources */,
				23D5AA7A24247819000412C0 /* Assets.xcassets in Resources */,
			);
			runOnlyForDeploymentPostprocessing = 0;
		};
		23D5AA842424781A000412C0 /* Resources */ = {
			isa = PBXResourcesBuildPhase;
			buildActionMask = 2147483647;
			files = (
			);
			runOnlyForDeploymentPostprocessing = 0;
		};
		23D5AA8F2424781A000412C0 /* Resources */ = {
			isa = PBXResourcesBuildPhase;
			buildActionMask = 2147483647;
			files = (
			);
			runOnlyForDeploymentPostprocessing = 0;
		};
/* End PBXResourcesBuildPhase section */

/* Begin PBXSourcesBuildPhase section */
		23D5AA6C242477ED000412C0 /* Sources */ = {
			isa = PBXSourcesBuildPhase;
			buildActionMask = 2147483647;
			files = (
				23D5AAAA24247BB0000412C0 /* UserDetailsView.swift in Sources */,
				23D5AAA42424787F000412C0 /* User.swift in Sources */,
				23D5AA74242477ED000412C0 /* AppDelegate.swift in Sources */,
				23D5AAAC24247CAB000412C0 /* UserListView.swift in Sources */,
				23D5AAA6242478F6000412C0 /* ProfileImageView.swift in Sources */,
				23D5AA76242477ED000412C0 /* SceneDelegate.swift in Sources */,
				23D5AA78242477ED000412C0 /* ContentView.swift in Sources */,
				23D5AAA824247B1A000412C0 /* AddressView.swift in Sources */,
			);
			runOnlyForDeploymentPostprocessing = 0;
		};
		23D5AA822424781A000412C0 /* Sources */ = {
			isa = PBXSourcesBuildPhase;
			buildActionMask = 2147483647;
			files = (
				23D5AA8B2424781A000412C0 /* CreateAndComposeCustomViewTests.swift in Sources */,
			);
			runOnlyForDeploymentPostprocessing = 0;
		};
		23D5AA8D2424781A000412C0 /* Sources */ = {
			isa = PBXSourcesBuildPhase;
			buildActionMask = 2147483647;
			files = (
				23D5AA962424781A000412C0 /* CreateAndComposeCustomViewUITests.swift in Sources */,
			);
			runOnlyForDeploymentPostprocessing = 0;
		};
/* End PBXSourcesBuildPhase section */

/* Begin PBXTargetDependency section */
		23D5AA882424781A000412C0 /* PBXTargetDependency */ = {
			isa = PBXTargetDependency;
			target = 23D5AA6F242477ED000412C0 /* CreateAndComposeCustomView */;
			targetProxy = 23D5AA872424781A000412C0 /* PBXContainerItemProxy */;
		};
		23D5AA932424781A000412C0 /* PBXTargetDependency */ = {
			isa = PBXTargetDependency;
			target = 23D5AA6F242477ED000412C0 /* CreateAndComposeCustomView */;
			targetProxy = 23D5AA922424781A000412C0 /* PBXContainerItemProxy */;
		};
/* End PBXTargetDependency section */

/* Begin PBXVariantGroup section */
		23D5AA7E2424781A000412C0 /* LaunchScreen.storyboard */ = {
			isa = PBXVariantGroup;
			children = (
				23D5AA7F2424781A000412C0 /* Base */,
			);
			name = LaunchScreen.storyboard;
			sourceTree = "<group>";
		};
/* End PBXVariantGroup section */

/* Begin XCBuildConfiguration section */
		23D5AA982424781B000412C0 /* Debug */ = {
			isa = XCBuildConfiguration;
			buildSettings = {
				ALWAYS_SEARCH_USER_PATHS = NO;
				CLANG_ANALYZER_NONNULL = YES;
				CLANG_ANALYZER_NUMBER_OBJECT_CONVERSION = YES_AGGRESSIVE;
				CLANG_CXX_LANGUAGE_STANDARD = "gnu++14";
				CLANG_CXX_LIBRARY = "libc++";
				CLANG_ENABLE_MODULES = YES;
				CLANG_ENABLE_OBJC_ARC = YES;
				CLANG_ENABLE_OBJC_WEAK = YES;
				CLANG_WARN_BLOCK_CAPTURE_AUTORELEASING = YES;
				CLANG_WARN_BOOL_CONVERSION = YES;
				CLANG_WARN_COMMA = YES;
				CLANG_WARN_CONSTANT_CONVERSION = YES;
				CLANG_WARN_DEPRECATED_OBJC_IMPLEMENTATIONS = YES;
				CLANG_WARN_DIRECT_OBJC_ISA_USAGE = YES_ERROR;
				CLANG_WARN_DOCUMENTATION_COMMENTS = YES;
				CLANG_WARN_EMPTY_BODY = YES;
				CLANG_WARN_ENUM_CONVERSION = YES;
				CLANG_WARN_INFINITE_RECURSION = YES;
				CLANG_WARN_INT_CONVERSION = YES;
				CLANG_WARN_NON_LITERAL_NULL_CONVERSION = YES;
				CLANG_WARN_OBJC_IMPLICIT_RETAIN_SELF = YES;
				CLANG_WARN_OBJC_LITERAL_CONVERSION = YES;
				CLANG_WARN_OBJC_ROOT_CLASS = YES_ERROR;
				CLANG_WARN_RANGE_LOOP_ANALYSIS = YES;
				CLANG_WARN_STRICT_PROTOTYPES = YES;
				CLANG_WARN_SUSPICIOUS_MOVE = YES;
				CLANG_WARN_UNGUARDED_AVAILABILITY = YES_AGGRESSIVE;
				CLANG_WARN_UNREACHABLE_CODE = YES;
				CLANG_WARN__DUPLICATE_METHOD_MATCH = YES;
				COPY_PHASE_STRIP = NO;
				DEBUG_INFORMATION_FORMAT = dwarf;
				ENABLE_STRICT_OBJC_MSGSEND = YES;
				ENABLE_TESTABILITY = YES;
				GCC_C_LANGUAGE_STANDARD = gnu11;
				GCC_DYNAMIC_NO_PIC = NO;
				GCC_NO_COMMON_BLOCKS = YES;
				GCC_OPTIMIZATION_LEVEL = 0;
				GCC_PREPROCESSOR_DEFINITIONS = (
					"DEBUG=1",
					"$(inherited)",
				);
				GCC_WARN_64_TO_32_BIT_CONVERSION = YES;
				GCC_WARN_ABOUT_RETURN_TYPE = YES_ERROR;
				GCC_WARN_UNDECLARED_SELECTOR = YES;
				GCC_WARN_UNINITIALIZED_AUTOS = YES_AGGRESSIVE;
				GCC_WARN_UNUSED_FUNCTION = YES;
				GCC_WARN_UNUSED_VARIABLE = YES;
				IPHONEOS_DEPLOYMENT_TARGET = 13.0;
				MTL_ENABLE_DEBUG_INFO = INCLUDE_SOURCE;
				MTL_FAST_MATH = YES;
				ONLY_ACTIVE_ARCH = YES;
				SDKROOT = iphoneos;
				SWIFT_ACTIVE_COMPILATION_CONDITIONS = DEBUG;
				SWIFT_OPTIMIZATION_LEVEL = "-Onone";
			};
			name = Debug;
		};
		23D5AA992424781B000412C0 /* Release */ = {
			isa = XCBuildConfiguration;
			buildSettings = {
				ALWAYS_SEARCH_USER_PATHS = NO;
				CLANG_ANALYZER_NONNULL = YES;
				CLANG_ANALYZER_NUMBER_OBJECT_CONVERSION = YES_AGGRESSIVE;
				CLANG_CXX_LANGUAGE_STANDARD = "gnu++14";
				CLANG_CXX_LIBRARY = "libc++";
				CLANG_ENABLE_MODULES = YES;
				CLANG_ENABLE_OBJC_ARC = YES;
				CLANG_ENABLE_OBJC_WEAK = YES;
				CLANG_WARN_BLOCK_CAPTURE_AUTORELEASING = YES;
				CLANG_WARN_BOOL_CONVERSION = YES;
				CLANG_WARN_COMMA = YES;
				CLANG_WARN_CONSTANT_CONVERSION = YES;
				CLANG_WARN_DEPRECATED_OBJC_IMPLEMENTATIONS = YES;
				CLANG_WARN_DIRECT_OBJC_ISA_USAGE = YES_ERROR;
				CLANG_WARN_DOCUMENTATION_COMMENTS = YES;
				CLANG_WARN_EMPTY_BODY = YES;
				CLANG_WARN_ENUM_CONVERSION = YES;
				CLANG_WARN_INFINITE_RECURSION = YES;
				CLANG_WARN_INT_CONVERSION = YES;
				CLANG_WARN_NON_LITERAL_NULL_CONVERSION = YES;
				CLANG_WARN_OBJC_IMPLICIT_RETAIN_SELF = YES;
				CLANG_WARN_OBJC_LITERAL_CONVERSION = YES;
				CLANG_WARN_OBJC_ROOT_CLASS = YES_ERROR;
				CLANG_WARN_RANGE_LOOP_ANALYSIS = YES;
				CLANG_WARN_STRICT_PROTOTYPES = YES;
				CLANG_WARN_SUSPICIOUS_MOVE = YES;
				CLANG_WARN_UNGUARDED_AVAILABILITY = YES_AGGRESSIVE;
				CLANG_WARN_UNREACHABLE_CODE = YES;
				CLANG_WARN__DUPLICATE_METHOD_MATCH = YES;
				COPY_PHASE_STRIP = NO;
				DEBUG_INFORMATION_FORMAT = "dwarf-with-dsym";
				ENABLE_NS_ASSERTIONS = NO;
				ENABLE_STRICT_OBJC_MSGSEND = YES;
				GCC_C_LANGUAGE_STANDARD = gnu11;
				GCC_NO_COMMON_BLOCKS = YES;
				GCC_WARN_64_TO_32_BIT_CONVERSION = YES;
				GCC_WARN_ABOUT_RETURN_TYPE = YES_ERROR;
				GCC_WARN_UNDECLARED_SELECTOR = YES;
				GCC_WARN_UNINITIALIZED_AUTOS = YES_AGGRESSIVE;
				GCC_WARN_UNUSED_FUNCTION = YES;
				GCC_WARN_UNUSED_VARIABLE = YES;
				IPHONEOS_DEPLOYMENT_TARGET = 13.0;
				MTL_ENABLE_DEBUG_INFO = NO;
				MTL_FAST_MATH = YES;
				SDKROOT = iphoneos;
				SWIFT_COMPILATION_MODE = wholemodule;
				SWIFT_OPTIMIZATION_LEVEL = "-O";
				VALIDATE_PRODUCT = YES;
			};
			name = Release;
		};
		23D5AA9B2424781B000412C0 /* Debug */ = {
			isa = XCBuildConfiguration;
			buildSettings = {
				ASSETCATALOG_COMPILER_APPICON_NAME = AppIcon;
				CODE_SIGN_STYLE = Automatic;
				DEVELOPMENT_ASSET_PATHS = "\"CreateAndComposeCustomView/Preview Content\"";
				ENABLE_PREVIEWS = YES;
				INFOPLIST_FILE = CreateAndComposeCustomView/Info.plist;
				LD_RUNPATH_SEARCH_PATHS = (
					"$(inherited)",
					"@executable_path/Frameworks",
				);
				PRODUCT_BUNDLE_IDENTIFIER = "nawsusunyein-gmail.com.CreateAndComposeCustomView";
				PRODUCT_NAME = "$(TARGET_NAME)";
				SWIFT_VERSION = 5.0;
				TARGETED_DEVICE_FAMILY = "1,2";
			};
			name = Debug;
		};
		23D5AA9C2424781B000412C0 /* Release */ = {
			isa = XCBuildConfiguration;
			buildSettings = {
				ASSETCATALOG_COMPILER_APPICON_NAME = AppIcon;
				CODE_SIGN_STYLE = Automatic;
				DEVELOPMENT_ASSET_PATHS = "\"CreateAndComposeCustomView/Preview Content\"";
				ENABLE_PREVIEWS = YES;
				INFOPLIST_FILE = CreateAndComposeCustomView/Info.plist;
				LD_RUNPATH_SEARCH_PATHS = (
					"$(inherited)",
					"@executable_path/Frameworks",
				);
				PRODUCT_BUNDLE_IDENTIFIER = "nawsusunyein-gmail.com.CreateAndComposeCustomView";
				PRODUCT_NAME = "$(TARGET_NAME)";
				SWIFT_VERSION = 5.0;
				TARGETED_DEVICE_FAMILY = "1,2";
			};
			name = Release;
		};
		23D5AA9E2424781B000412C0 /* Debug */ = {
			isa = XCBuildConfiguration;
			buildSettings = {
				ALWAYS_EMBED_SWIFT_STANDARD_LIBRARIES = YES;
				BUNDLE_LOADER = "$(TEST_HOST)";
				CODE_SIGN_STYLE = Automatic;
				INFOPLIST_FILE = CreateAndComposeCustomViewTests/Info.plist;
				IPHONEOS_DEPLOYMENT_TARGET = 13.0;
				LD_RUNPATH_SEARCH_PATHS = (
					"$(inherited)",
					"@executable_path/Frameworks",
					"@loader_path/Frameworks",
				);
				PRODUCT_BUNDLE_IDENTIFIER = "nawsusunyein-gmail.com.CreateAndComposeCustomViewTests";
				PRODUCT_NAME = "$(TARGET_NAME)";
				SWIFT_VERSION = 5.0;
				TARGETED_DEVICE_FAMILY = "1,2";
				TEST_HOST = "$(BUILT_PRODUCTS_DIR)/CreateAndComposeCustomView.app/CreateAndComposeCustomView";
			};
			name = Debug;
		};
		23D5AA9F2424781B000412C0 /* Release */ = {
			isa = XCBuildConfiguration;
			buildSettings = {
				ALWAYS_EMBED_SWIFT_STANDARD_LIBRARIES = YES;
				BUNDLE_LOADER = "$(TEST_HOST)";
				CODE_SIGN_STYLE = Automatic;
				INFOPLIST_FILE = CreateAndComposeCustomViewTests/Info.plist;
				IPHONEOS_DEPLOYMENT_TARGET = 13.0;
				LD_RUNPATH_SEARCH_PATHS = (
					"$(inherited)",
					"@executable_path/Frameworks",
					"@loader_path/Frameworks",
				);
				PRODUCT_BUNDLE_IDENTIFIER = "nawsusunyein-gmail.com.CreateAndComposeCustomViewTests";
				PRODUCT_NAME = "$(TARGET_NAME)";
				SWIFT_VERSION = 5.0;
				TARGETED_DEVICE_FAMILY = "1,2";
				TEST_HOST = "$(BUILT_PRODUCTS_DIR)/CreateAndComposeCustomView.app/CreateAndComposeCustomView";
			};
			name = Release;
		};
		23D5AAA12424781B000412C0 /* Debug */ = {
			isa = XCBuildConfiguration;
			buildSettings = {
				ALWAYS_EMBED_SWIFT_STANDARD_LIBRARIES = YES;
				CODE_SIGN_STYLE = Automatic;
				INFOPLIST_FILE = CreateAndComposeCustomViewUITests/Info.plist;
				LD_RUNPATH_SEARCH_PATHS = (
					"$(inherited)",
					"@executable_path/Frameworks",
					"@loader_path/Frameworks",
				);
				PRODUCT_BUNDLE_IDENTIFIER = "nawsusunyein-gmail.com.CreateAndComposeCustomViewUITests";
				PRODUCT_NAME = "$(TARGET_NAME)";
				SWIFT_VERSION = 5.0;
				TARGETED_DEVICE_FAMILY = "1,2";
				TEST_TARGET_NAME = CreateAndComposeCustomView;
			};
			name = Debug;
		};
		23D5AAA22424781B000412C0 /* Release */ = {
			isa = XCBuildConfiguration;
			buildSettings = {
				ALWAYS_EMBED_SWIFT_STANDARD_LIBRARIES = YES;
				CODE_SIGN_STYLE = Automatic;
				INFOPLIST_FILE = CreateAndComposeCustomViewUITests/Info.plist;
				LD_RUNPATH_SEARCH_PATHS = (
					"$(inherited)",
					"@executable_path/Frameworks",
					"@loader_path/Frameworks",
				);
				PRODUCT_BUNDLE_IDENTIFIER = "nawsusunyein-gmail.com.CreateAndComposeCustomViewUITests";
				PRODUCT_NAME = "$(TARGET_NAME)";
				SWIFT_VERSION = 5.0;
				TARGETED_DEVICE_FAMILY = "1,2";
				TEST_TARGET_NAME = CreateAndComposeCustomView;
			};
			name = Release;
		};
/* End XCBuildConfiguration section */

/* Begin XCConfigurationList section */
		23D5AA6B242477EC000412C0 /* Build configuration list for PBXProject "CreateAndComposeCustomView" */ = {
			isa = XCConfigurationList;
			buildConfigurations = (
				23D5AA982424781B000412C0 /* Debug */,
				23D5AA992424781B000412C0 /* Release */,
			);
			defaultConfigurationIsVisible = 0;
			defaultConfigurationName = Release;
		};
		23D5AA9A2424781B000412C0 /* Build configuration list for PBXNativeTarget "CreateAndComposeCustomView" */ = {
			isa = XCConfigurationList;
			buildConfigurations = (
				23D5AA9B2424781B000412C0 /* Debug */,
				23D5AA9C2424781B000412C0 /* Release */,
			);
			defaultConfigurationIsVisible = 0;
			defaultConfigurationName = Release;
		};
		23D5AA9D2424781B000412C0 /* Build configuration list for PBXNativeTarget "CreateAndComposeCustomViewTests" */ = {
			isa = XCConfigurationList;
			buildConfigurations = (
				23D5AA9E2424781B000412C0 /* Debug */,
				23D5AA9F2424781B000412C0 /* Release */,
			);
			defaultConfigurationIsVisible = 0;
			defaultConfigurationName = Release;
		};
		23D5AAA02424781B000412C0 /* Build configuration list for PBXNativeTarget "CreateAndComposeCustomViewUITests" */ = {
			isa = XCConfigurationList;
			buildConfigurations = (
				23D5AAA12424781B000412C0 /* Debug */,
				23D5AAA22424781B000412C0 /* Release */,
			);
			defaultConfigurationIsVisible = 0;
			defaultConfigurationName = Release;
		};
/* End XCConfigurationList section */
	};
	rootObject = 23D5AA68242477EC000412C0 /* Project object */;
}
